// !$*UTF8*$!
{
	archiveVersion = 1;
	classes = {
	};
	objectVersion = 56;
	objects = {

/* Begin PBXBuildFile section */
		22577C0128F5B4A60084FC28 /* CalculatorBrain.swift in Sources */ = {isa = PBXBuildFile; fileRef = 22577C0028F5B4A60084FC28 /* CalculatorBrain.swift */; };
		228B276F28F207B5002C1A68 /* ResultViewController.swift in Sources */ = {isa = PBXBuildFile; fileRef = 228B276E28F207B5002C1A68 /* ResultViewController.swift */; };
		22A6B1B228EB4DFF00860FC2 /* AppDelegate.swift in Sources */ = {isa = PBXBuildFile; fileRef = 22A6B1B128EB4DFF00860FC2 /* AppDelegate.swift */; };
		22A6B1B428EB4DFF00860FC2 /* SceneDelegate.swift in Sources */ = {isa = PBXBuildFile; fileRef = 22A6B1B328EB4DFF00860FC2 /* SceneDelegate.swift */; };
		22A6B1B628EB4DFF00860FC2 /* CalculateViewController.swift in Sources */ = {isa = PBXBuildFile; fileRef = 22A6B1B528EB4DFF00860FC2 /* CalculateViewController.swift */; };
		22A6B1B928EB4DFF00860FC2 /* Main.storyboard in Resources */ = {isa = PBXBuildFile; fileRef = 22A6B1B728EB4DFF00860FC2 /* Main.storyboard */; };
		22A6B1BB28EB4E0000860FC2 /* Assets.xcassets in Resources */ = {isa = PBXBuildFile; fileRef = 22A6B1BA28EB4E0000860FC2 /* Assets.xcassets */; };
		22A6B1BE28EB4E0000860FC2 /* LaunchScreen.storyboard in Resources */ = {isa = PBXBuildFile; fileRef = 22A6B1BC28EB4E0000860FC2 /* LaunchScreen.storyboard */; };
/* End PBXBuildFile section */

/* Begin PBXFileReference section */
		22577C0028F5B4A60084FC28 /* CalculatorBrain.swift */ = {isa = PBXFileReference; lastKnownFileType = sourcecode.swift; path = CalculatorBrain.swift; sourceTree = "<group>"; };
		228B276E28F207B5002C1A68 /* ResultViewController.swift */ = {isa = PBXFileReference; lastKnownFileType = sourcecode.swift; path = ResultViewController.swift; sourceTree = "<group>"; };
		22A6B1AE28EB4DFF00860FC2 /* IMC Calculator.app */ = {isa = PBXFileReference; explicitFileType = wrapper.application; includeInIndex = 0; path = "IMC Calculator.app"; sourceTree = BUILT_PRODUCTS_DIR; };
		22A6B1B128EB4DFF00860FC2 /* AppDelegate.swift */ = {isa = PBXFileReference; lastKnownFileType = sourcecode.swift; path = AppDelegate.swift; sourceTree = "<group>"; };
		22A6B1B328EB4DFF00860FC2 /* SceneDelegate.swift */ = {isa = PBXFileReference; lastKnownFileType = sourcecode.swift; path = SceneDelegate.swift; sourceTree = "<group>"; };
		22A6B1B528EB4DFF00860FC2 /* CalculateViewController.swift */ = {isa = PBXFileReference; lastKnownFileType = sourcecode.swift; path = CalculateViewController.swift; sourceTree = "<group>"; };
		22A6B1B828EB4DFF00860FC2 /* Base */ = {isa = PBXFileReference; lastKnownFileType = file.storyboard; name = Base; path = Base.lproj/Main.storyboard; sourceTree = "<group>"; };
		22A6B1BA28EB4E0000860FC2 /* Assets.xcassets */ = {isa = PBXFileReference; lastKnownFileType = folder.assetcatalog; path = Assets.xcassets; sourceTree = "<group>"; };
		22A6B1BD28EB4E0000860FC2 /* Base */ = {isa = PBXFileReference; lastKnownFileType = file.storyboard; name = Base; path = Base.lproj/LaunchScreen.storyboard; sourceTree = "<group>"; };
		22A6B1BF28EB4E0000860FC2 /* Info.plist */ = {isa = PBXFileReference; lastKnownFileType = text.plist.xml; path = Info.plist; sourceTree = "<group>"; };
/* End PBXFileReference section */

/* Begin PBXFrameworksBuildPhase section */
		22A6B1AB28EB4DFF00860FC2 /* Frameworks */ = {
			isa = PBXFrameworksBuildPhase;
			buildActionMask = 2147483647;
			files = (
			);
			runOnlyForDeploymentPostprocessing = 0;
		};
/* End PBXFrameworksBuildPhase section */

/* Begin PBXGroup section */
		22A6B1A528EB4DFF00860FC2 = {
			isa = PBXGroup;
			children = (
				22A6B1B028EB4DFF00860FC2 /* IMC Calculator */,
				22A6B1AF28EB4DFF00860FC2 /* Products */,
			);
			sourceTree = "<group>";
		};
		22A6B1AF28EB4DFF00860FC2 /* Products */ = {
			isa = PBXGroup;
			children = (
				22A6B1AE28EB4DFF00860FC2 /* IMC Calculator.app */,
			);
			name = Products;
			sourceTree = "<group>";
		};
		22A6B1B028EB4DFF00860FC2 /* IMC Calculator */ = {
			isa = PBXGroup;
			children = (
				22A6B1B128EB4DFF00860FC2 /* AppDelegate.swift */,
				22A6B1B328EB4DFF00860FC2 /* SceneDelegate.swift */,
				22A6B1C528EB4E9B00860FC2 /* Models */,
				22A6B1C628EB4EAB00860FC2 /* Views */,
				22A6B1C728EB4EC200860FC2 /* Controllers */,
				22A6B1BA28EB4E0000860FC2 /* Assets.xcassets */,
				22A6B1BC28EB4E0000860FC2 /* LaunchScreen.storyboard */,
				22A6B1BF28EB4E0000860FC2 /* Info.plist */,
			);
			path = "IMC Calculator";
			sourceTree = "<group>";
		};
		22A6B1C528EB4E9B00860FC2 /* Models */ = {
			isa = PBXGroup;
			children = (
				22577C0028F5B4A60084FC28 /* CalculatorBrain.swift */,
			);
			path = Models;
			sourceTree = "<group>";
		};
		22A6B1C628EB4EAB00860FC2 /* Views */ = {
			isa = PBXGroup;
			children = (
				22A6B1B728EB4DFF00860FC2 /* Main.storyboard */,
			);
			path = Views;
			sourceTree = "<group>";
		};
		22A6B1C728EB4EC200860FC2 /* Controllers */ = {
			isa = PBXGroup;
			children = (
				22A6B1B528EB4DFF00860FC2 /* CalculateViewController.swift */,
				228B276E28F207B5002C1A68 /* ResultViewController.swift */,
			);
			path = Controllers;
			sourceTree = "<group>";
		};
/* End PBXGroup section */

/* Begin PBXNativeTarget section */
		22A6B1AD28EB4DFF00860FC2 /* IMC Calculator */ = {
			isa = PBXNativeTarget;
			buildConfigurationList = 22A6B1C228EB4E0000860FC2 /* Build configuration list for PBXNativeTarget "IMC Calculator" */;
			buildPhases = (
				22A6B1AA28EB4DFF00860FC2 /* Sources */,
				22A6B1AB28EB4DFF00860FC2 /* Frameworks */,
				22A6B1AC28EB4DFF00860FC2 /* Resources */,
			);
			buildRules = (
			);
			dependencies = (
			);
			name = "IMC Calculator";
			productName = "IMC Calculator";
			productReference = 22A6B1AE28EB4DFF00860FC2 /* IMC Calculator.app */;
			productType = "com.apple.product-type.application";
		};
/* End PBXNativeTarget section */

/* Begin PBXProject section */
		22A6B1A628EB4DFF00860FC2 /* Project object */ = {
			isa = PBXProject;
			attributes = {
				BuildIndependentTargetsInParallel = 1;
				LastSwiftUpdateCheck = 1400;
				LastUpgradeCheck = 1400;
				TargetAttributes = {
					22A6B1AD28EB4DFF00860FC2 = {
						CreatedOnToolsVersion = 14.0;
					};
				};
			};
			buildConfigurationList = 22A6B1A928EB4DFF00860FC2 /* Build configuration list for PBXProject "IMC Calculator" */;
			compatibilityVersion = "Xcode 14.0";
			developmentRegion = en;
			hasScannedForEncodings = 0;
			knownRegions = (
				en,
				Base,
			);
			mainGroup = 22A6B1A528EB4DFF00860FC2;
			productRefGroup = 22A6B1AF28EB4DFF00860FC2 /* Products */;
			projectDirPath = "";
			projectRoot = "";
			targets = (
				22A6B1AD28EB4DFF00860FC2 /* IMC Calculator */,
			);
		};
/* End PBXProject section */

/* Begin PBXResourcesBuildPhase section */
		22A6B1AC28EB4DFF00860FC2 /* Resources */ = {
			isa = PBXResourcesBuildPhase;
			buildActionMask = 2147483647;
			files = (
				22A6B1BE28EB4E0000860FC2 /* LaunchScreen.storyboard in Resources */,
				22A6B1BB28EB4E0000860FC2 /* Assets.xcassets in Resources */,
				22A6B1B928EB4DFF00860FC2 /* Main.storyboard in Resources */,
			);
			runOnlyForDeploymentPostprocessing = 0;
		};
/* End PBXResourcesBuildPhase section */

/* Begin PBXSourcesBuildPhase section */
		22A6B1AA28EB4DFF00860FC2 /* Sources */ = {
			isa = PBXSourcesBuildPhase;
			buildActionMask = 2147483647;
			files = (
				22A6B1B628EB4DFF00860FC2 /* CalculateViewController.swift in Sources */,
				22A6B1B228EB4DFF00860FC2 /* AppDelegate.swift in Sources */,
				22A6B1B428EB4DFF00860FC2 /* SceneDelegate.swift in Sources */,
				22577C0128F5B4A60084FC28 /* CalculatorBrain.swift in Sources */,
				228B276F28F207B5002C1A68 /* ResultViewController.swift in Sources */,
			);
			runOnlyForDeploymentPostprocessing = 0;
		};
/* End PBXSourcesBuildPhase section */

/* Begin PBXVariantGroup section */
		22A6B1B728EB4DFF00860FC2 /* Main.storyboard */ = {
			isa = PBXVariantGroup;
			children = (
				22A6B1B828EB4DFF00860FC2 /* Base */,
			);
			name = Main.storyboard;
			sourceTree = "<group>";
		};
		22A6B1BC28EB4E0000860FC2 /* LaunchScreen.storyboard */ = {
			isa = PBXVariantGroup;
			children = (
				22A6B1BD28EB4E0000860FC2 /* Base */,
			);
			name = LaunchScreen.storyboard;
			sourceTree = "<group>";
		};
/* End PBXVariantGroup section */

/* Begin XCBuildConfiguration section */
		22A6B1C028EB4E0000860FC2 /* Debug */ = {
			isa = XCBuildConfiguration;
			buildSettings = {
				ALWAYS_SEARCH_USER_PATHS = NO;
				CLANG_ANALYZER_NONNULL = YES;
				CLANG_ANALYZER_NUMBER_OBJECT_CONVERSION = YES_AGGRESSIVE;
				CLANG_CXX_LANGUAGE_STANDARD = "gnu++20";
				CLANG_ENABLE_MODULES = YES;
				CLANG_ENABLE_OBJC_ARC = YES;
				CLANG_ENABLE_OBJC_WEAK = YES;
				CLANG_WARN_BLOCK_CAPTURE_AUTORELEASING = YES;
				CLANG_WARN_BOOL_CONVERSION = YES;
				CLANG_WARN_COMMA = YES;
				CLANG_WARN_CONSTANT_CONVERSION = YES;
				CLANG_WARN_DEPRECATED_OBJC_IMPLEMENTATIONS = YES;
				CLANG_WARN_DIRECT_OBJC_ISA_USAGE = YES_ERROR;
				CLANG_WARN_DOCUMENTATION_COMMENTS = YES;
				CLANG_WARN_EMPTY_BODY = YES;
				CLANG_WARN_ENUM_CONVERSION = YES;
				CLANG_WARN_INFINITE_RECURSION = YES;
				CLANG_WARN_INT_CONVERSION = YES;
				CLANG_WARN_NON_LITERAL_NULL_CONVERSION = YES;
				CLANG_WARN_OBJC_IMPLICIT_RETAIN_SELF = YES;
				CLANG_WARN_OBJC_LITERAL_CONVERSION = YES;
				CLANG_WARN_OBJC_ROOT_CLASS = YES_ERROR;
				CLANG_WARN_QUOTED_INCLUDE_IN_FRAMEWORK_HEADER = YES;
				CLANG_WARN_RANGE_LOOP_ANALYSIS = YES;
				CLANG_WARN_STRICT_PROTOTYPES = YES;
				CLANG_WARN_SUSPICIOUS_MOVE = YES;
				CLANG_WARN_UNGUARDED_AVAILABILITY = YES_AGGRESSIVE;
				CLANG_WARN_UNREACHABLE_CODE = YES;
				CLANG_WARN__DUPLICATE_METHOD_MATCH = YES;
				COPY_PHASE_STRIP = NO;
				DEBUG_INFORMATION_FORMAT = dwarf;
				ENABLE_STRICT_OBJC_MSGSEND = YES;
				ENABLE_TESTABILITY = YES;
				GCC_C_LANGUAGE_STANDARD = gnu11;
				GCC_DYNAMIC_NO_PIC = NO;
				GCC_NO_COMMON_BLOCKS = YES;
				GCC_OPTIMIZATION_LEVEL = 0;
				GCC_PREPROCESSOR_DEFINITIONS = (
					"DEBUG=1",
					"$(inherited)",
				);
				GCC_WARN_64_TO_32_BIT_CONVERSION = YES;
				GCC_WARN_ABOUT_RETURN_TYPE = YES_ERROR;
				GCC_WARN_UNDECLARED_SELECTOR = YES;
				GCC_WARN_UNINITIALIZED_AUTOS = YES_AGGRESSIVE;
				GCC_WARN_UNUSED_FUNCTION = YES;
				GCC_WARN_UNUSED_VARIABLE = YES;
				IPHONEOS_DEPLOYMENT_TARGET = 16.0;
				MTL_ENABLE_DEBUG_INFO = INCLUDE_SOURCE;
				MTL_FAST_MATH = YES;
				ONLY_ACTIVE_ARCH = YES;
				SDKROOT = iphoneos;
				SWIFT_ACTIVE_COMPILATION_CONDITIONS = DEBUG;
				SWIFT_OPTIMIZATION_LEVEL = "-Onone";
			};
			name = Debug;
		};
		22A6B1C128EB4E0000860FC2 /* Release */ = {
			isa = XCBuildConfiguration;
			buildSettings = {
				ALWAYS_SEARCH_USER_PATHS = NO;
				CLANG_ANALYZER_NONNULL = YES;
				CLANG_ANALYZER_NUMBER_OBJECT_CONVERSION = YES_AGGRESSIVE;
				CLANG_CXX_LANGUAGE_STANDARD = "gnu++20";
				CLANG_ENABLE_MODULES = YES;
				CLANG_ENABLE_OBJC_ARC = YES;
				CLANG_ENABLE_OBJC_WEAK = YES;
				CLANG_WARN_BLOCK_CAPTURE_AUTORELEASING = YES;
				CLANG_WARN_BOOL_CONVERSION = YES;
				CLANG_WARN_COMMA = YES;
				CLANG_WARN_CONSTANT_CONVERSION = YES;
				CLANG_WARN_DEPRECATED_OBJC_IMPLEMENTATIONS = YES;
				CLANG_WARN_DIRECT_OBJC_ISA_USAGE = YES_ERROR;
				CLANG_WARN_DOCUMENTATION_COMMENTS = YES;
				CLANG_WARN_EMPTY_BODY = YES;
				CLANG_WARN_ENUM_CONVERSION = YES;
				CLANG_WARN_INFINITE_RECURSION = YES;
				CLANG_WARN_INT_CONVERSION = YES;
				CLANG_WARN_NON_LITERAL_NULL_CONVERSION = YES;
				CLANG_WARN_OBJC_IMPLICIT_RETAIN_SELF = YES;
				CLANG_WARN_OBJC_LITERAL_CONVERSION = YES;
				CLANG_WARN_OBJC_ROOT_CLASS = YES_ERROR;
				CLANG_WARN_QUOTED_INCLUDE_IN_FRAMEWORK_HEADER = YES;
				CLANG_WARN_RANGE_LOOP_ANALYSIS = YES;
				CLANG_WARN_STRICT_PROTOTYPES = YES;
				CLANG_WARN_SUSPICIOUS_MOVE = YES;
				CLANG_WARN_UNGUARDED_AVAILABILITY = YES_AGGRESSIVE;
				CLANG_WARN_UNREACHABLE_CODE = YES;
				CLANG_WARN__DUPLICATE_METHOD_MATCH = YES;
				COPY_PHASE_STRIP = NO;
				DEBUG_INFORMATION_FORMAT = "dwarf-with-dsym";
				ENABLE_NS_ASSERTIONS = NO;
				ENABLE_STRICT_OBJC_MSGSEND = YES;
				GCC_C_LANGUAGE_STANDARD = gnu11;
				GCC_NO_COMMON_BLOCKS = YES;
				GCC_WARN_64_TO_32_BIT_CONVERSION = YES;
				GCC_WARN_ABOUT_RETURN_TYPE = YES_ERROR;
				GCC_WARN_UNDECLARED_SELECTOR = YES;
				GCC_WARN_UNINITIALIZED_AUTOS = YES_AGGRESSIVE;
				GCC_WARN_UNUSED_FUNCTION = YES;
				GCC_WARN_UNUSED_VARIABLE = YES;
				IPHONEOS_DEPLOYMENT_TARGET = 16.0;
				MTL_ENABLE_DEBUG_INFO = NO;
				MTL_FAST_MATH = YES;
				SDKROOT = iphoneos;
				SWIFT_COMPILATION_MODE = wholemodule;
				SWIFT_OPTIMIZATION_LEVEL = "-O";
				VALIDATE_PRODUCT = YES;
			};
			name = Release;
		};
		22A6B1C328EB4E0000860FC2 /* Debug */ = {
			isa = XCBuildConfiguration;
			buildSettings = {
				ASSETCATALOG_COMPILER_APPICON_NAME = AppIcon;
				ASSETCATALOG_COMPILER_GLOBAL_ACCENT_COLOR_NAME = AccentColor;
				CODE_SIGN_STYLE = Automatic;
				CURRENT_PROJECT_VERSION = 1;
				DEVELOPMENT_TEAM = 647MFA6TDC;
				GENERATE_INFOPLIST_FILE = YES;
				INFOPLIST_FILE = "IMC Calculator/Info.plist";
				INFOPLIST_KEY_UIApplicationSupportsIndirectInputEvents = YES;
				INFOPLIST_KEY_UILaunchStoryboardName = LaunchScreen;
				INFOPLIST_KEY_UIMainStoryboardFile = Main;
				INFOPLIST_KEY_UISupportedInterfaceOrientations_iPad = "UIInterfaceOrientationPortrait UIInterfaceOrientationPortraitUpsideDown UIInterfaceOrientationLandscapeLeft UIInterfaceOrientationLandscapeRight";
				INFOPLIST_KEY_UISupportedInterfaceOrientations_iPhone = "UIInterfaceOrientationPortrait UIInterfaceOrientationLandscapeLeft UIInterfaceOrientationLandscapeRight";
				LD_RUNPATH_SEARCH_PATHS = (
					"$(inherited)",
					"@executable_path/Frameworks",
				);
				MARKETING_VERSION = 1.0;
				PRODUCT_BUNDLE_IDENTIFIER = "Sevio-Correa.IMC-Calculator";
				PRODUCT_NAME = "$(TARGET_NAME)";
				SWIFT_EMIT_LOC_STRINGS = YES;
				SWIFT_VERSION = 5.0;
				TARGETED_DEVICE_FAMILY = "1,2";
			};
			name = Debug;
		};
		22A6B1C428EB4E0000860FC2 /* Release */ = {
			isa = XCBuildConfiguration;
			buildSettings = {
				ASSETCATALOG_COMPILER_APPICON_NAME = AppIcon;
				ASSETCATALOG_COMPILER_GLOBAL_ACCENT_COLOR_NAME = AccentColor;
				CODE_SIGN_STYLE = Automatic;
				CURRENT_PROJECT_VERSION = 1;
				DEVELOPMENT_TEAM = 647MFA6TDC;
				GENERATE_INFOPLIST_FILE = YES;
				INFOPLIST_FILE = "IMC Calculator/Info.plist";
				INFOPLIST_KEY_UIApplicationSupportsIndirectInputEvents = YES;
				INFOPLIST_KEY_UILaunchStoryboardName = LaunchScreen;
				INFOPLIST_KEY_UIMainStoryboardFile = Main;
				INFOPLIST_KEY_UISupportedInterfaceOrientations_iPad = "UIInterfaceOrientationPortrait UIInterfaceOrientationPortraitUpsideDown UIInterfaceOrientationLandscapeLeft UIInterfaceOrientationLandscapeRight";
				INFOPLIST_KEY_UISupportedInterfaceOrientations_iPhone = "UIInterfaceOrientationPortrait UIInterfaceOrientationLandscapeLeft UIInterfaceOrientationLandscapeRight";
				LD_RUNPATH_SEARCH_PATHS = (
					"$(inherited)",
					"@executable_path/Frameworks",
				);
				MARKETING_VERSION = 1.0;
				PRODUCT_BUNDLE_IDENTIFIER = "Sevio-Correa.IMC-Calculator";
				PRODUCT_NAME = "$(TARGET_NAME)";
				SWIFT_EMIT_LOC_STRINGS = YES;
				SWIFT_VERSION = 5.0;
				TARGETED_DEVICE_FAMILY = "1,2";
			};
			name = Release;
		};
/* End XCBuildConfiguration section */

/* Begin XCConfigurationList section */
		22A6B1A928EB4DFF00860FC2 /* Build configuration list for PBXProject "IMC Calculator" */ = {
			isa = XCConfigurationList;
			buildConfigurations = (
				22A6B1C028EB4E0000860FC2 /* Debug */,
				22A6B1C128EB4E0000860FC2 /* Release */,
			);
			defaultConfigurationIsVisible = 0;
			defaultConfigurationName = Release;
		};
		22A6B1C228EB4E0000860FC2 /* Build configuration list for PBXNativeTarget "IMC Calculator" */ = {
			isa = XCConfigurationList;
			buildConfigurations = (
				22A6B1C328EB4E0000860FC2 /* Debug */,
				22A6B1C428EB4E0000860FC2 /* Release */,
			);
			defaultConfigurationIsVisible = 0;
			defaultConfigurationName = Release;
		};
/* End XCConfigurationList section */
	};
	rootObject = 22A6B1A628EB4DFF00860FC2 /* Project object */;
}
